<Solution>
  <Folder Name="/src/" />
  <Folder Name="/src/backend/">
    <Project Path="src/backend/CoffeeShop.Api/CoffeeShop.Api.csproj" Id="85f80e94-a6ef-4228-85f4-29965c5aae61" />
  </Folder>
  <Folder Name="/src/frontend/">
    <Project Path="src/frontend/CoffeeShop.Admin/CoffeeShop.Admin.csproj" Id="84e48f5e-69d4-4725-bad8-14e847e5ccda" />
    <Project Path="src/frontend/CoffeeShop.App/CoffeeShop.App.csproj" Id="ca6c5ec0-f133-4bdf-a175-46796ac510c3" />
  </Folder>
  <Folder Name="/test/">
    <Project Path="test/CoffeeShop.Test/CoffeeShop.Test.csproj" Id="fd5a2b6e-4b7c-4158-9357-5b04462b0e6d" />
  </Folder>
</Solution>
