<Solution>
  <Folder Name="/src/" />
  <Folder Name="/src/backend/" Id="fe360695-3f2b-1049-3887-35fbb5135923" />
  <Folder Name="/src/frontend/" Id="42299874-777b-f2d0-9d08-d24097abce7e">
    <Project Path="src/frontend/CoffeeShop.Web/CoffeeShop.Web.csproj" Id="76e0de70-8b86-47aa-80c0-b89ff8b1f6f1" />
  </Folder>
  <Folder Name="/test/" />
</Solution>
